github.com/BurntSushi/toml v0.3.1 h1:WXkYYl6Yr3qBf1K79EBnL4mak0OimBfB0XUf9Vl28OQ=
github.com/BurntSushi/toml v0.3.1/go.mod h1:xHWCNGjB5oqiDr8zfno3MHue2Ht5sIBksp03qcyfWMU=
github.com/creack/goselect v0.1.1 h1:tiSSgKE1eJtxs1h/VgGQWuXUP0YS4CDIFMp6vaI1ls0=
github.com/creack/goselect v0.1.1/go.mod h1:a/NhLweNvqIYMuxcMOuWY516Cimucms3DglDzQP3hKY=
github.com/jgrelet/go-nmea v0.0.0-20180312131256-18f4a482ff2d h1:lOPri/zbZaXz7HCZpWW0ukYdgh1o0nABTVAjM+0LLBk=
github.com/jgrelet/go-nmea v0.0.0-20180312131256-18f4a482ff2d/go.mod h1:sEeym1pfEvw4cTxyFrOA4/iwE+nuG3S4quM9RFjpQ7g=
go.bug.st/serial.v1 v0.0.0-20191202182710-24a6610f0541 h1:eQfoPfT+gNSh63t/oKanQlZyKgblRa/LMZRPIT+MHzA=
go.bug.st/serial.v1 v0.0.0-20191202182710-24a6610f0541/go.mod h1:dRSl/CVCTf56CkXgJMDOdSwNfo2g1orOGE/gBGdvjZw=
golang.org/x/sys v0.0.0-20210110051926-789bb1bd4061 h1:DQmQoKxQWtyybCtX/3dIuDBcAhFszqq8YiNeS6sNu1c=
golang.org/x/sys v0.0.0-20210110051926-789bb1bd4061/go.mod h1:h1NjWce9XRLGQEsW7wpKNCjG9DtNlClVuFLEZdDNbEs=
